// !$*UTF8*$!
{
	archiveVersion = 1;
	classes = {
	};
	objectVersion = 50;
	objects = {

/* Begin PBXBuildFile section */
		5052FFC8258F6B990058B00C /* AppDelegate.swift in Sources */ = {isa = PBXBuildFile; fileRef = 5052FFC7258F6B990058B00C /* AppDelegate.swift */; };
		5052FFCA258F6B990058B00C /* SceneDelegate.swift in Sources */ = {isa = PBXBuildFile; fileRef = 5052FFC9258F6B990058B00C /* SceneDelegate.swift */; };
		5052FFCC258F6B990058B00C /* ViewController.swift in Sources */ = {isa = PBXBuildFile; fileRef = 5052FFCB258F6B990058B00C /* ViewController.swift */; };
		5052FFCF258F6B990058B00C /* Main.storyboard in Resources */ = {isa = PBXBuildFile; fileRef = 5052FFCD258F6B990058B00C /* Main.storyboard */; };
		5052FFD1258F6B9A0058B00C /* Assets.xcassets in Resources */ = {isa = PBXBuildFile; fileRef = 5052FFD0258F6B9A0058B00C /* Assets.xcassets */; };
		5052FFD4258F6B9A0058B00C /* LaunchScreen.storyboard in Resources */ = {isa = PBXBuildFile; fileRef = 5052FFD2258F6B9A0058B00C /* LaunchScreen.storyboard */; };
/* End PBXBuildFile section */

/* Begin PBXFileReference section */
		5052FFC4258F6B990058B00C /* SimpsonsBook.app */ = {isa = PBXFileReference; explicitFileType = wrapper.application; includeInIndex = 0; path = SimpsonsBook.app; sourceTree = BUILT_PRODUCTS_DIR; };
		5052FFC7258F6B990058B00C /* AppDelegate.swift */ = {isa = PBXFileReference; lastKnownFileType = sourcecode.swift; path = AppDelegate.swift; sourceTree = "<group>"; };
		5052FFC9258F6B990058B00C /* SceneDelegate.swift */ = {isa = PBXFileReference; lastKnownFileType = sourcecode.swift; path = SceneDelegate.swift; sourceTree = "<group>"; };
		5052FFCB258F6B990058B00C /* ViewController.swift */ = {isa = PBXFileReference; lastKnownFileType = sourcecode.swift; path = ViewController.swift; sourceTree = "<group>"; };
		5052FFCE258F6B990058B00C /* Base */ = {isa = PBXFileReference; lastKnownFileType = file.storyboard; name = Base; path = Base.lproj/Main.storyboard; sourceTree = "<group>"; };
		5052FFD0258F6B9A0058B00C /* Assets.xcassets */ = {isa = PBXFileReference; lastKnownFileType = folder.assetcatalog; path = Assets.xcassets; sourceTree = "<group>"; };
		5052FFD3258F6B9A0058B00C /* Base */ = {isa = PBXFileReference; lastKnownFileType = file.storyboard; name = Base; path = Base.lproj/LaunchScreen.storyboard; sourceTree = "<group>"; };
		5052FFD5258F6B9A0058B00C /* Info.plist */ = {isa = PBXFileReference; lastKnownFileType = text.plist.xml; path = Info.plist; sourceTree = "<group>"; };
/* End PBXFileReference section */

/* Begin PBXFrameworksBuildPhase section */
		5052FFC1258F6B990058B00C /* Frameworks */ = {
			isa = PBXFrameworksBuildPhase;
			buildActionMask = 2147483647;
			files = (
			);
			runOnlyForDeploymentPostprocessing = 0;
		};
/* End PBXFrameworksBuildPhase section */

/* Begin PBXGroup section */
		5052FFBB258F6B990058B00C = {
			isa = PBXGroup;
			children = (
				5052FFC6258F6B990058B00C /* SimpsonsBook */,
				5052FFC5258F6B990058B00C /* Products */,
			);
			sourceTree = "<group>";
		};
		5052FFC5258F6B990058B00C /* Products */ = {
			isa = PBXGroup;
			children = (
				5052FFC4258F6B990058B00C /* SimpsonsBook.app */,
			);
			name = Products;
			sourceTree = "<group>";
		};
		5052FFC6258F6B990058B00C /* SimpsonsBook */ = {
			isa = PBXGroup;
			children = (
				5052FFC7258F6B990058B00C /* AppDelegate.swift */,
				5052FFC9258F6B990058B00C /* SceneDelegate.swift */,
				5052FFCB258F6B990058B00C /* ViewController.swift */,
				5052FFCD258F6B990058B00C /* Main.storyboard */,
				5052FFD0258F6B9A0058B00C /* Assets.xcassets */,
				5052FFD2258F6B9A0058B00C /* LaunchScreen.storyboard */,
				5052FFD5258F6B9A0058B00C /* Info.plist */,
			);
			path = SimpsonsBook;
			sourceTree = "<group>";
		};
/* End PBXGroup section */

/* Begin PBXNativeTarget section */
		5052FFC3258F6B990058B00C /* SimpsonsBook */ = {
			isa = PBXNativeTarget;
			buildConfigurationList = 5052FFD8258F6B9A0058B00C /* Build configuration list for PBXNativeTarget "SimpsonsBook" */;
			buildPhases = (
				5052FFC0258F6B990058B00C /* Sources */,
				5052FFC1258F6B990058B00C /* Frameworks */,
				5052FFC2258F6B990058B00C /* Resources */,
			);
			buildRules = (
			);
			dependencies = (
			);
			name = SimpsonsBook;
			productName = SimpsonsBook;
			productReference = 5052FFC4258F6B990058B00C /* SimpsonsBook.app */;
			productType = "com.apple.product-type.application";
		};
/* End PBXNativeTarget section */

/* Begin PBXProject section */
		5052FFBC258F6B990058B00C /* Project object */ = {
			isa = PBXProject;
			attributes = {
				LastSwiftUpdateCheck = 1230;
				LastUpgradeCheck = 1230;
				TargetAttributes = {
					5052FFC3258F6B990058B00C = {
						CreatedOnToolsVersion = 12.3;
					};
				};
			};
			buildConfigurationList = 5052FFBF258F6B990058B00C /* Build configuration list for PBXProject "SimpsonsBook" */;
			compatibilityVersion = "Xcode 9.3";
			developmentRegion = en;
			hasScannedForEncodings = 0;
			knownRegions = (
				en,
				Base,
			);
			mainGroup = 5052FFBB258F6B990058B00C;
			productRefGroup = 5052FFC5258F6B990058B00C /* Products */;
			projectDirPath = "";
			projectRoot = "";
			targets = (
				5052FFC3258F6B990058B00C /* SimpsonsBook */,
			);
		};
/* End PBXProject section */

/* Begin PBXResourcesBuildPhase section */
		5052FFC2258F6B990058B00C /* Resources */ = {
			isa = PBXResourcesBuildPhase;
			buildActionMask = 2147483647;
			files = (
				5052FFD4258F6B9A0058B00C /* LaunchScreen.storyboard in Resources */,
				5052FFD1258F6B9A0058B00C /* Assets.xcassets in Resources */,
				5052FFCF258F6B990058B00C /* Main.storyboard in Resources */,
			);
			runOnlyForDeploymentPostprocessing = 0;
		};
/* End PBXResourcesBuildPhase section */

/* Begin PBXSourcesBuildPhase section */
		5052FFC0258F6B990058B00C /* Sources */ = {
			isa = PBXSourcesBuildPhase;
			buildActionMask = 2147483647;
			files = (
				5052FFCC258F6B990058B00C /* ViewController.swift in Sources */,
				5052FFC8258F6B990058B00C /* AppDelegate.swift in Sources */,
				5052FFCA258F6B990058B00C /* SceneDelegate.swift in Sources */,
			);
			runOnlyForDeploymentPostprocessing = 0;
		};
/* End PBXSourcesBuildPhase section */

/* Begin PBXVariantGroup section */
		5052FFCD258F6B990058B00C /* Main.storyboard */ = {
			isa = PBXVariantGroup;
			children = (
				5052FFCE258F6B990058B00C /* Base */,
			);
			name = Main.storyboard;
			sourceTree = "<group>";
		};
		5052FFD2258F6B9A0058B00C /* LaunchScreen.storyboard */ = {
			isa = PBXVariantGroup;
			children = (
				5052FFD3258F6B9A0058B00C /* Base */,
			);
			name = LaunchScreen.storyboard;
			sourceTree = "<group>";
		};
/* End PBXVariantGroup section */

/* Begin XCBuildConfiguration section */
		5052FFD6258F6B9A0058B00C /* Debug */ = {
			isa = XCBuildConfiguration;
			buildSettings = {
				ALWAYS_SEARCH_USER_PATHS = NO;
				CLANG_ANALYZER_NONNULL = YES;
				CLANG_ANALYZER_NUMBER_OBJECT_CONVERSION = YES_AGGRESSIVE;
				CLANG_CXX_LANGUAGE_STANDARD = "gnu++14";
				CLANG_CXX_LIBRARY = "libc++";
				CLANG_ENABLE_MODULES = YES;
				CLANG_ENABLE_OBJC_ARC = YES;
				CLANG_ENABLE_OBJC_WEAK = YES;
				CLANG_WARN_BLOCK_CAPTURE_AUTORELEASING = YES;
				CLANG_WARN_BOOL_CONVERSION = YES;
				CLANG_WARN_COMMA = YES;
				CLANG_WARN_CONSTANT_CONVERSION = YES;
				CLANG_WARN_DEPRECATED_OBJC_IMPLEMENTATIONS = YES;
				CLANG_WARN_DIRECT_OBJC_ISA_USAGE = YES_ERROR;
				CLANG_WARN_DOCUMENTATION_COMMENTS = YES;
				CLANG_WARN_EMPTY_BODY = YES;
				CLANG_WARN_ENUM_CONVERSION = YES;
				CLANG_WARN_INFINITE_RECURSION = YES;
				CLANG_WARN_INT_CONVERSION = YES;
				CLANG_WARN_NON_LITERAL_NULL_CONVERSION = YES;
				CLANG_WARN_OBJC_IMPLICIT_RETAIN_SELF = YES;
				CLANG_WARN_OBJC_LITERAL_CONVERSION = YES;
				CLANG_WARN_OBJC_ROOT_CLASS = YES_ERROR;
				CLANG_WARN_QUOTED_INCLUDE_IN_FRAMEWORK_HEADER = YES;
				CLANG_WARN_RANGE_LOOP_ANALYSIS = YES;
				CLANG_WARN_STRICT_PROTOTYPES = YES;
				CLANG_WARN_SUSPICIOUS_MOVE = YES;
				CLANG_WARN_UNGUARDED_AVAILABILITY = YES_AGGRESSIVE;
				CLANG_WARN_UNREACHABLE_CODE = YES;
				CLANG_WARN__DUPLICATE_METHOD_MATCH = YES;
				COPY_PHASE_STRIP = NO;
				DEBUG_INFORMATION_FORMAT = dwarf;
				ENABLE_STRICT_OBJC_MSGSEND = YES;
				ENABLE_TESTABILITY = YES;
				GCC_C_LANGUAGE_STANDARD = gnu11;
				GCC_DYNAMIC_NO_PIC = NO;
				GCC_NO_COMMON_BLOCKS = YES;
				GCC_OPTIMIZATION_LEVEL = 0;
				GCC_PREPROCESSOR_DEFINITIONS = (
					"DEBUG=1",
					"$(inherited)",
				);
				GCC_WARN_64_TO_32_BIT_CONVERSION = YES;
				GCC_WARN_ABOUT_RETURN_TYPE = YES_ERROR;
				GCC_WARN_UNDECLARED_SELECTOR = YES;
				GCC_WARN_UNINITIALIZED_AUTOS = YES_AGGRESSIVE;
				GCC_WARN_UNUSED_FUNCTION = YES;
				GCC_WARN_UNUSED_VARIABLE = YES;
				IPHONEOS_DEPLOYMENT_TARGET = 14.3;
				MTL_ENABLE_DEBUG_INFO = INCLUDE_SOURCE;
				MTL_FAST_MATH = YES;
				ONLY_ACTIVE_ARCH = YES;
				SDKROOT = iphoneos;
				SWIFT_ACTIVE_COMPILATION_CONDITIONS = DEBUG;
				SWIFT_OPTIMIZATION_LEVEL = "-Onone";
			};
			name = Debug;
		};
		5052FFD7258F6B9A0058B00C /* Release */ = {
			isa = XCBuildConfiguration;
			buildSettings = {
				ALWAYS_SEARCH_USER_PATHS = NO;
				CLANG_ANALYZER_NONNULL = YES;
				CLANG_ANALYZER_NUMBER_OBJECT_CONVERSION = YES_AGGRESSIVE;
				CLANG_CXX_LANGUAGE_STANDARD = "gnu++14";
				CLANG_CXX_LIBRARY = "libc++";
				CLANG_ENABLE_MODULES = YES;
				CLANG_ENABLE_OBJC_ARC = YES;
				CLANG_ENABLE_OBJC_WEAK = YES;
				CLANG_WARN_BLOCK_CAPTURE_AUTORELEASING = YES;
				CLANG_WARN_BOOL_CONVERSION = YES;
				CLANG_WARN_COMMA = YES;
				CLANG_WARN_CONSTANT_CONVERSION = YES;
				CLANG_WARN_DEPRECATED_OBJC_IMPLEMENTATIONS = YES;
				CLANG_WARN_DIRECT_OBJC_ISA_USAGE = YES_ERROR;
				CLANG_WARN_DOCUMENTATION_COMMENTS = YES;
				CLANG_WARN_EMPTY_BODY = YES;
				CLANG_WARN_ENUM_CONVERSION = YES;
				CLANG_WARN_INFINITE_RECURSION = YES;
				CLANG_WARN_INT_CONVERSION = YES;
				CLANG_WARN_NON_LITERAL_NULL_CONVERSION = YES;
				CLANG_WARN_OBJC_IMPLICIT_RETAIN_SELF = YES;
				CLANG_WARN_OBJC_LITERAL_CONVERSION = YES;
				CLANG_WARN_OBJC_ROOT_CLASS = YES_ERROR;
				CLANG_WARN_QUOTED_INCLUDE_IN_FRAMEWORK_HEADER = YES;
				CLANG_WARN_RANGE_LOOP_ANALYSIS = YES;
				CLANG_WARN_STRICT_PROTOTYPES = YES;
				CLANG_WARN_SUSPICIOUS_MOVE = YES;
				CLANG_WARN_UNGUARDED_AVAILABILITY = YES_AGGRESSIVE;
				CLANG_WARN_UNREACHABLE_CODE = YES;
				CLANG_WARN__DUPLICATE_METHOD_MATCH = YES;
				COPY_PHASE_STRIP = NO;
				DEBUG_INFORMATION_FORMAT = "dwarf-with-dsym";
				ENABLE_NS_ASSERTIONS = NO;
				ENABLE_STRICT_OBJC_MSGSEND = YES;
				GCC_C_LANGUAGE_STANDARD = gnu11;
				GCC_NO_COMMON_BLOCKS = YES;
				GCC_WARN_64_TO_32_BIT_CONVERSION = YES;
				GCC_WARN_ABOUT_RETURN_TYPE = YES_ERROR;
				GCC_WARN_UNDECLARED_SELECTOR = YES;
				GCC_WARN_UNINITIALIZED_AUTOS = YES_AGGRESSIVE;
				GCC_WARN_UNUSED_FUNCTION = YES;
				GCC_WARN_UNUSED_VARIABLE = YES;
				IPHONEOS_DEPLOYMENT_TARGET = 14.3;
				MTL_ENABLE_DEBUG_INFO = NO;
				MTL_FAST_MATH = YES;
				SDKROOT = iphoneos;
				SWIFT_COMPILATION_MODE = wholemodule;
				SWIFT_OPTIMIZATION_LEVEL = "-O";
				VALIDATE_PRODUCT = YES;
			};
			name = Release;
		};
		5052FFD9258F6B9A0058B00C /* Debug */ = {
			isa = XCBuildConfiguration;
			buildSettings = {
				ASSETCATALOG_COMPILER_APPICON_NAME = AppIcon;
				ASSETCATALOG_COMPILER_GLOBAL_ACCENT_COLOR_NAME = AccentColor;
				CODE_SIGN_STYLE = Automatic;
				DEVELOPMENT_TEAM = 2RHCXLB7L9;
				INFOPLIST_FILE = SimpsonsBook/Info.plist;
				LD_RUNPATH_SEARCH_PATHS = (
					"$(inherited)",
					"@executable_path/Frameworks",
				);
				PRODUCT_BUNDLE_IDENTIFIER = com.keremcubuk.SimpsonsBook;
				PRODUCT_NAME = "$(TARGET_NAME)";
				SWIFT_VERSION = 5.0;
				TARGETED_DEVICE_FAMILY = "1,2";
			};
			name = Debug;
		};
		5052FFDA258F6B9A0058B00C /* Release */ = {
			isa = XCBuildConfiguration;
			buildSettings = {
				ASSETCATALOG_COMPILER_APPICON_NAME = AppIcon;
				ASSETCATALOG_COMPILER_GLOBAL_ACCENT_COLOR_NAME = AccentColor;
				CODE_SIGN_STYLE = Automatic;
				DEVELOPMENT_TEAM = 2RHCXLB7L9;
				INFOPLIST_FILE = SimpsonsBook/Info.plist;
				LD_RUNPATH_SEARCH_PATHS = (
					"$(inherited)",
					"@executable_path/Frameworks",
				);
				PRODUCT_BUNDLE_IDENTIFIER = com.keremcubuk.SimpsonsBook;
				PRODUCT_NAME = "$(TARGET_NAME)";
				SWIFT_VERSION = 5.0;
				TARGETED_DEVICE_FAMILY = "1,2";
			};
			name = Release;
		};
/* End XCBuildConfiguration section */

/* Begin XCConfigurationList section */
		5052FFBF258F6B990058B00C /* Build configuration list for PBXProject "SimpsonsBook" */ = {
			isa = XCConfigurationList;
			buildConfigurations = (
				5052FFD6258F6B9A0058B00C /* Debug */,
				5052FFD7258F6B9A0058B00C /* Release */,
			);
			defaultConfigurationIsVisible = 0;
			defaultConfigurationName = Release;
		};
		5052FFD8258F6B9A0058B00C /* Build configuration list for PBXNativeTarget "SimpsonsBook" */ = {
			isa = XCConfigurationList;
			buildConfigurations = (
				5052FFD9258F6B9A0058B00C /* Debug */,
				5052FFDA258F6B9A0058B00C /* Release */,
			);
			defaultConfigurationIsVisible = 0;
			defaultConfigurationName = Release;
		};
/* End XCConfigurationList section */
	};
	rootObject = 5052FFBC258F6B990058B00C /* Project object */;
}
